
Microsoft Visual Studio Solution File, Format Version 12.00
# Visual Studio 15
VisualStudioVersion = 15.0.26403.7
MinimumVisualStudioVersion = 10.0.40219.1
Project("{8BC9CEB8-8B4A-11D0-8D11-00A0C91BC942}") = "FBXViewer", "build\Application\FBXViewer.vcxproj", "{BE53ECAD-9B4F-4C58-B6C5-C298AAADE8E4}"
EndProject
Project("{8BC9CEB8-8B4A-11D0-8D11-00A0C91BC942}") = "FBXViewerLib", "build\StaticLibrary\FBXViewerLib.vcxproj", "{A1543AD2-ED55-4612-A101-DB39FDAE693F}"
EndProject
Project("{8BC9CEB8-8B4A-11D0-8D11-00A0C91BC942}") = "test", "test\test.vcxproj", "{7BD7A6C8-0E66-48EF-A6C7-E4CDB4E852C8}"
EndProject
Global
	GlobalSection(SolutionConfigurationPlatforms) = preSolution
		Debug|Win32 = Debug|Win32
		Release|Win32 = Release|Win32
	EndGlobalSection
	GlobalSection(ProjectConfigurationPlatforms) = postSolution
		{BE53ECAD-9B4F-4C58-B6C5-C298AAADE8E4}.Debug|Win32.ActiveCfg = Debug|Win32
		{BE53ECAD-9B4F-4C58-B6C5-C298AAADE8E4}.Debug|Win32.Build.0 = Debug|Win32
		{BE53ECAD-9B4F-4C58-B6C5-C298AAADE8E4}.Release|Win32.ActiveCfg = Release|Win32
		{BE53ECAD-9B4F-4C58-B6C5-C298AAADE8E4}.Release|Win32.Build.0 = Release|Win32
		{A1543AD2-ED55-4612-A101-DB39FDAE693F}.Debug|Win32.ActiveCfg = Debug|Win32
		{A1543AD2-ED55-4612-A101-DB39FDAE693F}.Debug|Win32.Build.0 = Debug|Win32
		{A1543AD2-ED55-4612-A101-DB39FDAE693F}.Release|Win32.ActiveCfg = Release|Win32
		{A1543AD2-ED55-4612-A101-DB39FDAE693F}.Release|Win32.Build.0 = Release|Win32
		{7BD7A6C8-0E66-48EF-A6C7-E4CDB4E852C8}.Debug|Win32.ActiveCfg = Debug|Win32
		{7BD7A6C8-0E66-48EF-A6C7-E4CDB4E852C8}.Debug|Win32.Build.0 = Debug|Win32
		{7BD7A6C8-0E66-48EF-A6C7-E4CDB4E852C8}.Release|Win32.ActiveCfg = Release|Win32
		{7BD7A6C8-0E66-48EF-A6C7-E4CDB4E852C8}.Release|Win32.Build.0 = Release|Win32
	EndGlobalSection
	GlobalSection(SolutionProperties) = preSolution
		HideSolutionNode = FALSE
	EndGlobalSection
	GlobalSection(SubversionScc) = preSolution
		Svn-Managed = True
		Manager = AnkhSVN - Subversion Support for Visual Studio
	EndGlobalSection
EndGlobal
