<?xml version="1.0" encoding="utf-8"?>
<Project ToolsVersion="4.0" xmlns="http://schemas.microsoft.com/developer/msbuild/2003">
  <ItemGroup>
    <Filter Include="D3D">
      <UniqueIdentifier>{5981e929-0d1b-44b9-968f-b26108059ab2}</UniqueIdentifier>
    </Filter>
    <Filter Include="FBX">
      <UniqueIdentifier>{9c699e1e-10de-4b8e-b085-de83b6baaca2}</UniqueIdentifier>
    </Filter>
    <Filter Include="shader">
      <UniqueIdentifier>{a1fee8e6-f228-4725-a4f7-668149150b84}</UniqueIdentifier>
    </Filter>
    <Filter Include="Header">
      <UniqueIdentifier>{93995380-89BD-4b04-88EB-625FBE52EBFB}</UniqueIdentifier>
      <Extensions>h;hpp;hxx;hm;inl;inc;xsd</Extensions>
    </Filter>
    <Filter Include="Source">
      <UniqueIdentifier>{4FC737F1-C7A5-4376-A066-2A32D752A2FF}</UniqueIdentifier>
      <Extensions>cpp;c;cc;cxx;def;odl;idl;hpj;bat;asm;asmx</Extensions>
    </Filter>
    <Filter Include="common">
      <UniqueIdentifier>{b2443ee8-89ff-4f4d-8681-6246b9ba7022}</UniqueIdentifier>
    </Filter>
  </ItemGroup>
  <ItemGroup>
    <None Include="FBX\inputFile.txt" />
    <None Include="shader\skinned.psh">
      <Filter>shader</Filter>
    </None>
    <None Include="shader\skinned.vsh">
      <Filter>shader</Filter>
    </None>
    <None Include="shader\static.psh">
      <Filter>shader</Filter>
    </None>
    <None Include="shader\static.vsh">
      <Filter>shader</Filter>
    </None>
    <None Include="shader\staticTextured.psh">
      <Filter>shader</Filter>
    </None>
    <None Include="shader\staticTextured.vsh">
      <Filter>shader</Filter>
    </None>
    <None Include="shader\staticColorTextured.psh">
      <Filter>shader</Filter>
    </None>
    <None Include="shader\staticColorTextured.vsh">
      <Filter>shader</Filter>
    </None>
    <None Include="scorpid.FBX" />
  </ItemGroup>
  <ItemGroup>
    <ClInclude Include="stdafx.h">
      <Filter>Header</Filter>
    </ClInclude>
    <ClInclude Include="GraphicsDevice.h">
      <Filter>Header</Filter>
    </ClInclude>
    <ClInclude Include="D3D\Animation.h">
      <Filter>D3D</Filter>
    </ClInclude>
    <ClInclude Include="D3D\Skeleton.h">
      <Filter>D3D</Filter>
    </ClInclude>
    <ClInclude Include="D3D\SkinnedMesh.h">
      <Filter>D3D</Filter>
    </ClInclude>
    <ClInclude Include="FBX\FBXCommon.h">
      <Filter>FBX</Filter>
    </ClInclude>
    <ClInclude Include="FBX\FbxExtractor.h">
      <Filter>FBX</Filter>
    </ClInclude>
    <ClInclude Include="D3D\Camera.h">
      <Filter>D3D</Filter>
    </ClInclude>
    <ClInclude Include="D3D\Axis.h">
      <Filter>D3D</Filter>
    </ClInclude>
    <ClInclude Include="D3D\SMesh.h">
      <Filter>D3D</Filter>
    </ClInclude>
    <ClInclude Include="Profile.h">
      <Filter>common</Filter>
    </ClInclude>
    <ClInclude Include="targetver.h">
      <Filter>Header</Filter>
    </ClInclude>
    <ClInclude Include="D3D\Vertex.h">
      <Filter>Header</Filter>
    </ClInclude>
    <ClInclude Include="D3D\Mesh.h">
      <Filter>D3D</Filter>
    </ClInclude>
    <ClInclude Include="RenderSettings.h">
      <Filter>Header</Filter>
    </ClInclude>
    <ClInclude Include="D3D\Material.h">
      <Filter>Header</Filter>
    </ClInclude>
  </ItemGroup>
  <ItemGroup>
    <ClCompile Include="stdafx.cpp">
      <Filter>Source</Filter>
    </ClCompile>
    <ClCompile Include="FBXViewer.cpp">
      <Filter>Source</Filter>
    </ClCompile>
    <ClCompile Include="GraphicsDevice.cpp">
      <Filter>Source</Filter>
    </ClCompile>
    <ClCompile Include="D3D\Animation.cpp">
      <Filter>D3D</Filter>
    </ClCompile>
    <ClCompile Include="D3D\Skeleton.cpp">
      <Filter>D3D</Filter>
    </ClCompile>
    <ClCompile Include="D3D\SkinnedMesh.cpp">
      <Filter>D3D</Filter>
    </ClCompile>
    <ClCompile Include="FBX\FBXCommon.cpp">
      <Filter>FBX</Filter>
    </ClCompile>
    <ClCompile Include="FBX\FbxExtractor.cpp">
      <Filter>FBX</Filter>
    </ClCompile>
    <ClCompile Include="D3D\Camera.cpp">
      <Filter>D3D</Filter>
    </ClCompile>
    <ClCompile Include="D3D\Axis.cpp">
      <Filter>D3D</Filter>
    </ClCompile>
    <ClCompile Include="D3D\SMesh.cpp">
      <Filter>D3D</Filter>
    </ClCompile>
    <ClCompile Include="Profile.cpp">
      <Filter>common</Filter>
    </ClCompile>
    <ClCompile Include="D3D\Mesh.cpp">
      <Filter>Source</Filter>
    </ClCompile>
    <ClCompile Include="RenderSettings.cpp">
      <Filter>Source</Filter>
    </ClCompile>
    <ClCompile Include="D3D\Material.cpp">
      <Filter>Source</Filter>
    </ClCompile>
  </ItemGroup>
  <ItemGroup>
    <Image Include="box.png" />
  </ItemGroup>
</Project>