<?xml version="1.0" encoding="utf-8"?>
<Project ToolsVersion="4.0" xmlns="http://schemas.microsoft.com/developer/msbuild/2003">
  <ItemGroup>
    <Filter Include="Resource Files">
      <UniqueIdentifier>{120025c2-ac31-4337-a056-368fdfb559f0}</UniqueIdentifier>
    </Filter>
    <Filter Include="Header Files">
      <UniqueIdentifier>{93995380-89BD-4b04-88EB-625FBE52EBFB}</UniqueIdentifier>
      <Extensions>h;hpp;hxx;hm;inl;inc;xsd</Extensions>
    </Filter>
    <Filter Include="Source Files">
      <UniqueIdentifier>{4FC737F1-C7A5-4376-A066-2A32D752A2FF}</UniqueIdentifier>
      <Extensions>cpp;c;cc;cxx;def;odl;idl;hpj;bat;asm;asmx</Extensions>
    </Filter>
  </ItemGroup>
  <ItemGroup>
    <None Include="resources\shader\skinned.psh">
      <Filter>Resource Files</Filter>
    </None>
    <None Include="resources\shader\skinned.vsh">
      <Filter>Resource Files</Filter>
    </None>
    <None Include="resources\shader\static.psh">
      <Filter>Resource Files</Filter>
    </None>
    <None Include="resources\shader\static.vsh">
      <Filter>Resource Files</Filter>
    </None>
    <None Include="resources\shader\staticColorTextured.psh">
      <Filter>Resource Files</Filter>
    </None>
    <None Include="resources\shader\staticColorTextured.vsh">
      <Filter>Resource Files</Filter>
    </None>
    <None Include="resources\shader\staticTextured.psh">
      <Filter>Resource Files</Filter>
    </None>
    <None Include="resources\shader\staticTextured.vsh">
      <Filter>Resource Files</Filter>
    </None>
    <None Include="inputFile.txt">
      <Filter>Resource Files</Filter>
    </None>
    <None Include="resources\scorpid.FBX">
      <Filter>Resource Files</Filter>
    </None>
  </ItemGroup>
  <ItemGroup>
    <ClInclude Include="stdafx.h">
      <Filter>Header Files</Filter>
    </ClInclude>
    <ClInclude Include="graphics\Material.h">
      <Filter>Header Files</Filter>
    </ClInclude>
    <ClInclude Include="graphics\Vertex.h">
      <Filter>Header Files</Filter>
    </ClInclude>
    <ClInclude Include="graphics\GraphicsDevice.h">
      <Filter>Header Files</Filter>
    </ClInclude>
    <ClInclude Include="graphics\RenderSettings.h">
      <Filter>Header Files</Filter>
    </ClInclude>
    <ClInclude Include="graphics\SMesh.h">
      <Filter>Header Files</Filter>
    </ClInclude>
    <ClInclude Include="graphics\Animation.h">
      <Filter>Header Files</Filter>
    </ClInclude>
    <ClInclude Include="graphics\Axis.h">
      <Filter>Header Files</Filter>
    </ClInclude>
    <ClInclude Include="graphics\Camera.h">
      <Filter>Header Files</Filter>
    </ClInclude>
    <ClInclude Include="graphics\Mesh.h">
      <Filter>Header Files</Filter>
    </ClInclude>
    <ClInclude Include="graphics\Skeleton.h">
      <Filter>Header Files</Filter>
    </ClInclude>
    <ClInclude Include="graphics\SkinnedMeshRenderer.h">
      <Filter>Header Files</Filter>
    </ClInclude>
    <ClInclude Include="fbx\FbxExtractor.h">
      <Filter>Header Files</Filter>
    </ClInclude>
    <ClInclude Include="fbx\FBXCommon.h">
      <Filter>Header Files</Filter>
    </ClInclude>
    <ClInclude Include="common\Profile.h">
      <Filter>Header Files</Filter>
    </ClInclude>
  </ItemGroup>
  <ItemGroup>
    <ClCompile Include="stdafx.cpp">
      <Filter>Source Files</Filter>
    </ClCompile>
    <ClCompile Include="FBXViewer.cpp">
      <Filter>Source Files</Filter>
    </ClCompile>
    <ClCompile Include="graphics\Material.cpp">
      <Filter>Source Files</Filter>
    </ClCompile>
    <ClCompile Include="graphics\Mesh.cpp">
      <Filter>Source Files</Filter>
    </ClCompile>
    <ClCompile Include="graphics\GraphicsDevice.cpp">
      <Filter>Source Files</Filter>
    </ClCompile>
    <ClCompile Include="graphics\RenderSettings.cpp">
      <Filter>Source Files</Filter>
    </ClCompile>
    <ClCompile Include="graphics\Animation.cpp">
      <Filter>Source Files</Filter>
    </ClCompile>
    <ClCompile Include="graphics\Axis.cpp">
      <Filter>Source Files</Filter>
    </ClCompile>
    <ClCompile Include="graphics\Camera.cpp">
      <Filter>Source Files</Filter>
    </ClCompile>
    <ClCompile Include="graphics\Skeleton.cpp">
      <Filter>Source Files</Filter>
    </ClCompile>
    <ClCompile Include="graphics\SkinnedMeshRenderer.cpp">
      <Filter>Source Files</Filter>
    </ClCompile>
    <ClCompile Include="graphics\SMesh.cpp">
      <Filter>Source Files</Filter>
    </ClCompile>
    <ClCompile Include="fbx\FBXCommon.cpp">
      <Filter>Source Files</Filter>
    </ClCompile>
    <ClCompile Include="fbx\FbxExtractor.cpp">
      <Filter>Source Files</Filter>
    </ClCompile>
    <ClCompile Include="common\Profile.cpp">
      <Filter>Source Files</Filter>
    </ClCompile>
  </ItemGroup>
  <ItemGroup>
    <Image Include="resources\image\box.png">
      <Filter>Resource Files</Filter>
    </Image>
  </ItemGroup>
</Project>